
Microsoft Visual Studio Solution File, Format Version 12.00
# Visual Studio Version 17
VisualStudioVersion = 17.11.35219.272
MinimumVisualStudioVersion = 10.0.40219.1
Project("{2150E333-8FDC-42A3-9474-1A3956D46DE8}") = "src", "src", "{BE01E71B-9E9F-40D8-B821-1FABF2A1B3D6}"
EndProject
Project("{2150E333-8FDC-42A3-9474-1A3956D46DE8}") = "backend", "backend", "{543A61F5-69A3-46D9-BC6D-A008847BD97F}"
EndProject
Project("{2150E333-8FDC-42A3-9474-1A3956D46DE8}") = "user", "user", "{4921AA7F-5EC8-4004-913D-118519812110}"
EndProject
Project("{9A19103F-16F7-4668-BE54-9A1E7A4F7556}") = "User.Api", "src\backend\user\User.Api\User.Api.csproj", "{F6E46885-1710-43A0-85D4-24AD276EC258}"
	ProjectSection(ProjectDependencies) = postProject
		{C7E63DD5-4E9A-4A14-A9EF-758AD53443EF} = {C7E63DD5-4E9A-4A14-A9EF-758AD53443EF}
	EndProjectSection
EndProject
Project("{E53339B2-1760-4266-BCC7-CA923CBCF16C}") = "docker-compose", "docker-compose.dcproj", "{CDE715B0-214B-428A-90CD-11D43054D597}"
EndProject
Project("{2150E333-8FDC-42A3-9474-1A3956D46DE8}") = "course", "course", "{F843E01D-9521-4861-A9BB-30C0B792BF15}"
EndProject
Project("{9A19103F-16F7-4668-BE54-9A1E7A4F7556}") = "Course.Api", "src\backend\course\Course.Api\Course.Api.csproj", "{87BCB42C-898F-46D5-BC25-677E3985FA26}"
	ProjectSection(ProjectDependencies) = postProject
		{189D30AE-F9AC-4892-AD8D-9EAEF2D18FD0} = {189D30AE-F9AC-4892-AD8D-9EAEF2D18FD0}
		{79C0CBEA-E5A9-4C35-BE37-FE57F1E7FB60} = {79C0CBEA-E5A9-4C35-BE37-FE57F1E7FB60}
		{99C1FEF5-BFCB-411C-A6FA-8A79A3199E49} = {99C1FEF5-BFCB-411C-A6FA-8A79A3199E49}
		{B99F29B0-3221-44B9-8E1E-3F6A16BA485C} = {B99F29B0-3221-44B9-8E1E-3F6A16BA485C}
		{D733E71C-51AE-4A63-A0D1-1314092A4B29} = {D733E71C-51AE-4A63-A0D1-1314092A4B29}
	EndProjectSection
EndProject
Project("{9A19103F-16F7-4668-BE54-9A1E7A4F7556}") = "Course.Domain", "src\backend\course\Course.Domain\Course.Domain.csproj", "{79C0CBEA-E5A9-4C35-BE37-FE57F1E7FB60}"
EndProject
Project("{9A19103F-16F7-4668-BE54-9A1E7A4F7556}") = "Course.Application", "src\backend\course\Course.Application\Course.Application.csproj", "{B99F29B0-3221-44B9-8E1E-3F6A16BA485C}"
	ProjectSection(ProjectDependencies) = postProject
		{189D30AE-F9AC-4892-AD8D-9EAEF2D18FD0} = {189D30AE-F9AC-4892-AD8D-9EAEF2D18FD0}
		{79C0CBEA-E5A9-4C35-BE37-FE57F1E7FB60} = {79C0CBEA-E5A9-4C35-BE37-FE57F1E7FB60}
		{D733E71C-51AE-4A63-A0D1-1314092A4B29} = {D733E71C-51AE-4A63-A0D1-1314092A4B29}
	EndProjectSection
EndProject
Project("{9A19103F-16F7-4668-BE54-9A1E7A4F7556}") = "Course.Infrastructure", "src\backend\course\Course.Infrastructure\Course.Infrastructure.csproj", "{99C1FEF5-BFCB-411C-A6FA-8A79A3199E49}"
	ProjectSection(ProjectDependencies) = postProject
		{79C0CBEA-E5A9-4C35-BE37-FE57F1E7FB60} = {79C0CBEA-E5A9-4C35-BE37-FE57F1E7FB60}
		{D733E71C-51AE-4A63-A0D1-1314092A4B29} = {D733E71C-51AE-4A63-A0D1-1314092A4B29}
	EndProjectSection
EndProject
Project("{2150E333-8FDC-42A3-9474-1A3956D46DE8}") = "shared", "shared", "{C01CEED0-A690-4044-97BA-72DA5352DDD8}"
EndProject
Project("{9A19103F-16F7-4668-BE54-9A1E7A4F7556}") = "Course.Communication", "src\backend\course\shared\Course.Communication\Course.Communication.csproj", "{189D30AE-F9AC-4892-AD8D-9EAEF2D18FD0}"
EndProject
Project("{9A19103F-16F7-4668-BE54-9A1E7A4F7556}") = "Course.Exception", "src\backend\course\shared\Course.Exception\Course.Exception.csproj", "{D733E71C-51AE-4A63-A0D1-1314092A4B29}"
EndProject
Project("{2150E333-8FDC-42A3-9474-1A3956D46DE8}") = "tests", "tests", "{CE571C72-C971-41C7-AD54-FC3DA92D63AE}"
EndProject
Project("{9A19103F-16F7-4668-BE54-9A1E7A4F7556}") = "CommonTestUtilities", "src\backend\course\tests\CommonTestUtilities\CommonTestUtilities.csproj", "{0A3BD02C-7EFD-45C3-AD22-68E592030A28}"
EndProject
Project("{9A19103F-16F7-4668-BE54-9A1E7A4F7556}") = "UseCases", "src\backend\course\tests\UseCases\UseCases.csproj", "{65292408-E7D0-4144-9000-E81003C943A7}"
	ProjectSection(ProjectDependencies) = postProject
		{0A3BD02C-7EFD-45C3-AD22-68E592030A28} = {0A3BD02C-7EFD-45C3-AD22-68E592030A28}
		{B99F29B0-3221-44B9-8E1E-3F6A16BA485C} = {B99F29B0-3221-44B9-8E1E-3F6A16BA485C}
	EndProjectSection
EndProject
Project("{9A19103F-16F7-4668-BE54-9A1E7A4F7556}") = "WebApiTest", "src\backend\course\tests\WebApiTest\WebApiTest.csproj", "{1868912D-1D5A-4D69-A420-68981850D4FD}"
EndProject
Project("{9A19103F-16F7-4668-BE54-9A1E7A4F7556}") = "Validator", "src\backend\course\tests\Validator\Validator.csproj", "{E8E0D84F-022B-4DA5-BF65-0C055D7272EE}"
EndProject
Project("{9A19103F-16F7-4668-BE54-9A1E7A4F7556}") = "SharedMessages", "src\backend\SharedMessages\SharedMessages.csproj", "{C7E63DD5-4E9A-4A14-A9EF-758AD53443EF}"
EndProject
Project("{2150E333-8FDC-42A3-9474-1A3956D46DE8}") = "payment", "payment", "{68A0BD40-30D0-4446-B785-B0B88FAB6F35}"
EndProject
Project("{9A19103F-16F7-4668-BE54-9A1E7A4F7556}") = "Payment.Api", "src\backend\payment\Payment.Api\Payment.Api.csproj", "{F3D84CEC-9059-410C-8AAA-15D054DA7B8E}"
	ProjectSection(ProjectDependencies) = postProject
		{44B2FFC1-E734-4192-BCD7-A390771D1D5C} = {44B2FFC1-E734-4192-BCD7-A390771D1D5C}
		{CA9630EC-31C5-4C00-98F6-38FD400D6CE1} = {CA9630EC-31C5-4C00-98F6-38FD400D6CE1}
	EndProjectSection
EndProject
Project("{9A19103F-16F7-4668-BE54-9A1E7A4F7556}") = "Payment.Application", "src\backend\payment\Payment.Application\Payment.Application.csproj", "{44B2FFC1-E734-4192-BCD7-A390771D1D5C}"
EndProject
Project("{9A19103F-16F7-4668-BE54-9A1E7A4F7556}") = "Payment.Domain", "src\backend\payment\Payment.Domain\Payment.Domain.csproj", "{25EBE3E5-3AE2-4867-96C0-2DA5395D16B1}"
EndProject
Project("{9A19103F-16F7-4668-BE54-9A1E7A4F7556}") = "Payment.Infrastructure", "src\backend\payment\Payment.Infrastructure\Payment.Infrastructure.csproj", "{CA9630EC-31C5-4C00-98F6-38FD400D6CE1}"
	ProjectSection(ProjectDependencies) = postProject
		{C7E63DD5-4E9A-4A14-A9EF-758AD53443EF} = {C7E63DD5-4E9A-4A14-A9EF-758AD53443EF}
	EndProjectSection
EndProject
Project("{2150E333-8FDC-42A3-9474-1A3956D46DE8}") = "tests", "tests", "{6275082E-9994-450A-99BA-8E630BE15E8B}"
EndProject
Project("{9A19103F-16F7-4668-BE54-9A1E7A4F7556}") = "CommonUtilities", "src\backend\payment\tests\CommonUtilities\CommonUtilities.csproj", "{A719DC68-384A-4F26-B1DD-33C9219959E4}"
EndProject
Project("{9A19103F-16F7-4668-BE54-9A1E7A4F7556}") = "UnitTests", "src\backend\payment\tests\UnitTests\UnitTests.csproj", "{49F8B9CA-C610-4F6C-A4A0-809A24BE3728}"
EndProject
Project("{9A19103F-16F7-4668-BE54-9A1E7A4F7556}") = "WebApiTests", "src\backend\payment\tests\WebApiTests\WebApiTests.csproj", "{C13C5D01-0232-4F9D-9DBC-CF0AF69A547E}"
	ProjectSection(ProjectDependencies) = postProject
		{F3D84CEC-9059-410C-8AAA-15D054DA7B8E} = {F3D84CEC-9059-410C-8AAA-15D054DA7B8E}
	EndProjectSection
EndProject
Project("{2150E333-8FDC-42A3-9474-1A3956D46DE8}") = "progress", "progress", "{1751F9E9-8185-47D4-8000-9C11BA45B10C}"
EndProject
Project("{FAE04EC0-301F-11D3-BF4B-00C04F79EFBC}") = "Progress.Api", "src\backend\progress\Progress.Api\Progress.Api.csproj", "{3BED9460-38C2-449D-B424-B46C173E30B2}"
EndProject
Project("{FAE04EC0-301F-11D3-BF4B-00C04F79EFBC}") = "Progress.Domain", "src\backend\progress\Progress.Domain\Progress.Domain.csproj", "{5DC9FA78-6020-475D-9A49-EB3691D5EECB}"
EndProject
Project("{FAE04EC0-301F-11D3-BF4B-00C04F79EFBC}") = "Progress.Application", "src\backend\progress\Progress.Application\Progress.Application.csproj", "{7B2A7C86-2EC4-4F95-A24E-49B06E3D787E}"
EndProject
Project("{FAE04EC0-301F-11D3-BF4B-00C04F79EFBC}") = "Progress.Infrastructure", "src\backend\progress\Progress.Infrastructure\Progress.Infrastructure.csproj", "{B0F2202F-A450-4BFA-87CE-D93929BE29B0}"
EndProject
Global
	GlobalSection(SolutionConfigurationPlatforms) = preSolution
		Debug|Any CPU = Debug|Any CPU
		Release|Any CPU = Release|Any CPU
	EndGlobalSection
	GlobalSection(ProjectConfigurationPlatforms) = postSolution
		{F6E46885-1710-43A0-85D4-24AD276EC258}.Debug|Any CPU.ActiveCfg = Debug|Any CPU
		{F6E46885-1710-43A0-85D4-24AD276EC258}.Debug|Any CPU.Build.0 = Debug|Any CPU
		{F6E46885-1710-43A0-85D4-24AD276EC258}.Release|Any CPU.ActiveCfg = Release|Any CPU
		{F6E46885-1710-43A0-85D4-24AD276EC258}.Release|Any CPU.Build.0 = Release|Any CPU
		{CDE715B0-214B-428A-90CD-11D43054D597}.Debug|Any CPU.ActiveCfg = Debug|Any CPU
		{CDE715B0-214B-428A-90CD-11D43054D597}.Debug|Any CPU.Build.0 = Debug|Any CPU
		{CDE715B0-214B-428A-90CD-11D43054D597}.Release|Any CPU.ActiveCfg = Release|Any CPU
		{CDE715B0-214B-428A-90CD-11D43054D597}.Release|Any CPU.Build.0 = Release|Any CPU
		{87BCB42C-898F-46D5-BC25-677E3985FA26}.Debug|Any CPU.ActiveCfg = Debug|Any CPU
		{87BCB42C-898F-46D5-BC25-677E3985FA26}.Debug|Any CPU.Build.0 = Debug|Any CPU
		{87BCB42C-898F-46D5-BC25-677E3985FA26}.Release|Any CPU.ActiveCfg = Release|Any CPU
		{87BCB42C-898F-46D5-BC25-677E3985FA26}.Release|Any CPU.Build.0 = Release|Any CPU
		{79C0CBEA-E5A9-4C35-BE37-FE57F1E7FB60}.Debug|Any CPU.ActiveCfg = Debug|Any CPU
		{79C0CBEA-E5A9-4C35-BE37-FE57F1E7FB60}.Debug|Any CPU.Build.0 = Debug|Any CPU
		{79C0CBEA-E5A9-4C35-BE37-FE57F1E7FB60}.Release|Any CPU.ActiveCfg = Release|Any CPU
		{79C0CBEA-E5A9-4C35-BE37-FE57F1E7FB60}.Release|Any CPU.Build.0 = Release|Any CPU
		{B99F29B0-3221-44B9-8E1E-3F6A16BA485C}.Debug|Any CPU.ActiveCfg = Debug|Any CPU
		{B99F29B0-3221-44B9-8E1E-3F6A16BA485C}.Debug|Any CPU.Build.0 = Debug|Any CPU
		{B99F29B0-3221-44B9-8E1E-3F6A16BA485C}.Release|Any CPU.ActiveCfg = Release|Any CPU
		{B99F29B0-3221-44B9-8E1E-3F6A16BA485C}.Release|Any CPU.Build.0 = Release|Any CPU
		{99C1FEF5-BFCB-411C-A6FA-8A79A3199E49}.Debug|Any CPU.ActiveCfg = Debug|Any CPU
		{99C1FEF5-BFCB-411C-A6FA-8A79A3199E49}.Debug|Any CPU.Build.0 = Debug|Any CPU
		{99C1FEF5-BFCB-411C-A6FA-8A79A3199E49}.Release|Any CPU.ActiveCfg = Release|Any CPU
		{99C1FEF5-BFCB-411C-A6FA-8A79A3199E49}.Release|Any CPU.Build.0 = Release|Any CPU
		{189D30AE-F9AC-4892-AD8D-9EAEF2D18FD0}.Debug|Any CPU.ActiveCfg = Debug|Any CPU
		{189D30AE-F9AC-4892-AD8D-9EAEF2D18FD0}.Debug|Any CPU.Build.0 = Debug|Any CPU
		{189D30AE-F9AC-4892-AD8D-9EAEF2D18FD0}.Release|Any CPU.ActiveCfg = Release|Any CPU
		{189D30AE-F9AC-4892-AD8D-9EAEF2D18FD0}.Release|Any CPU.Build.0 = Release|Any CPU
		{D733E71C-51AE-4A63-A0D1-1314092A4B29}.Debug|Any CPU.ActiveCfg = Debug|Any CPU
		{D733E71C-51AE-4A63-A0D1-1314092A4B29}.Debug|Any CPU.Build.0 = Debug|Any CPU
		{D733E71C-51AE-4A63-A0D1-1314092A4B29}.Release|Any CPU.ActiveCfg = Release|Any CPU
		{D733E71C-51AE-4A63-A0D1-1314092A4B29}.Release|Any CPU.Build.0 = Release|Any CPU
		{0A3BD02C-7EFD-45C3-AD22-68E592030A28}.Debug|Any CPU.ActiveCfg = Debug|Any CPU
		{0A3BD02C-7EFD-45C3-AD22-68E592030A28}.Debug|Any CPU.Build.0 = Debug|Any CPU
		{0A3BD02C-7EFD-45C3-AD22-68E592030A28}.Release|Any CPU.ActiveCfg = Release|Any CPU
		{0A3BD02C-7EFD-45C3-AD22-68E592030A28}.Release|Any CPU.Build.0 = Release|Any CPU
		{65292408-E7D0-4144-9000-E81003C943A7}.Debug|Any CPU.ActiveCfg = Debug|Any CPU
		{65292408-E7D0-4144-9000-E81003C943A7}.Debug|Any CPU.Build.0 = Debug|Any CPU
		{65292408-E7D0-4144-9000-E81003C943A7}.Release|Any CPU.ActiveCfg = Release|Any CPU
		{65292408-E7D0-4144-9000-E81003C943A7}.Release|Any CPU.Build.0 = Release|Any CPU
		{1868912D-1D5A-4D69-A420-68981850D4FD}.Debug|Any CPU.ActiveCfg = Debug|Any CPU
		{1868912D-1D5A-4D69-A420-68981850D4FD}.Debug|Any CPU.Build.0 = Debug|Any CPU
		{1868912D-1D5A-4D69-A420-68981850D4FD}.Release|Any CPU.ActiveCfg = Release|Any CPU
		{1868912D-1D5A-4D69-A420-68981850D4FD}.Release|Any CPU.Build.0 = Release|Any CPU
		{E8E0D84F-022B-4DA5-BF65-0C055D7272EE}.Debug|Any CPU.ActiveCfg = Debug|Any CPU
		{E8E0D84F-022B-4DA5-BF65-0C055D7272EE}.Debug|Any CPU.Build.0 = Debug|Any CPU
		{E8E0D84F-022B-4DA5-BF65-0C055D7272EE}.Release|Any CPU.ActiveCfg = Release|Any CPU
		{E8E0D84F-022B-4DA5-BF65-0C055D7272EE}.Release|Any CPU.Build.0 = Release|Any CPU
		{C7E63DD5-4E9A-4A14-A9EF-758AD53443EF}.Debug|Any CPU.ActiveCfg = Debug|Any CPU
		{C7E63DD5-4E9A-4A14-A9EF-758AD53443EF}.Debug|Any CPU.Build.0 = Debug|Any CPU
		{C7E63DD5-4E9A-4A14-A9EF-758AD53443EF}.Release|Any CPU.ActiveCfg = Release|Any CPU
		{C7E63DD5-4E9A-4A14-A9EF-758AD53443EF}.Release|Any CPU.Build.0 = Release|Any CPU
		{F3D84CEC-9059-410C-8AAA-15D054DA7B8E}.Debug|Any CPU.ActiveCfg = Debug|Any CPU
		{F3D84CEC-9059-410C-8AAA-15D054DA7B8E}.Debug|Any CPU.Build.0 = Debug|Any CPU
		{F3D84CEC-9059-410C-8AAA-15D054DA7B8E}.Release|Any CPU.ActiveCfg = Release|Any CPU
		{F3D84CEC-9059-410C-8AAA-15D054DA7B8E}.Release|Any CPU.Build.0 = Release|Any CPU
		{44B2FFC1-E734-4192-BCD7-A390771D1D5C}.Debug|Any CPU.ActiveCfg = Debug|Any CPU
		{44B2FFC1-E734-4192-BCD7-A390771D1D5C}.Debug|Any CPU.Build.0 = Debug|Any CPU
		{44B2FFC1-E734-4192-BCD7-A390771D1D5C}.Release|Any CPU.ActiveCfg = Release|Any CPU
		{44B2FFC1-E734-4192-BCD7-A390771D1D5C}.Release|Any CPU.Build.0 = Release|Any CPU
		{25EBE3E5-3AE2-4867-96C0-2DA5395D16B1}.Debug|Any CPU.ActiveCfg = Debug|Any CPU
		{25EBE3E5-3AE2-4867-96C0-2DA5395D16B1}.Debug|Any CPU.Build.0 = Debug|Any CPU
		{25EBE3E5-3AE2-4867-96C0-2DA5395D16B1}.Release|Any CPU.ActiveCfg = Release|Any CPU
		{25EBE3E5-3AE2-4867-96C0-2DA5395D16B1}.Release|Any CPU.Build.0 = Release|Any CPU
		{CA9630EC-31C5-4C00-98F6-38FD400D6CE1}.Debug|Any CPU.ActiveCfg = Debug|Any CPU
		{CA9630EC-31C5-4C00-98F6-38FD400D6CE1}.Debug|Any CPU.Build.0 = Debug|Any CPU
		{CA9630EC-31C5-4C00-98F6-38FD400D6CE1}.Release|Any CPU.ActiveCfg = Release|Any CPU
		{CA9630EC-31C5-4C00-98F6-38FD400D6CE1}.Release|Any CPU.Build.0 = Release|Any CPU
		{A719DC68-384A-4F26-B1DD-33C9219959E4}.Debug|Any CPU.ActiveCfg = Debug|Any CPU
		{A719DC68-384A-4F26-B1DD-33C9219959E4}.Debug|Any CPU.Build.0 = Debug|Any CPU
		{A719DC68-384A-4F26-B1DD-33C9219959E4}.Release|Any CPU.ActiveCfg = Release|Any CPU
		{A719DC68-384A-4F26-B1DD-33C9219959E4}.Release|Any CPU.Build.0 = Release|Any CPU
		{49F8B9CA-C610-4F6C-A4A0-809A24BE3728}.Debug|Any CPU.ActiveCfg = Debug|Any CPU
		{49F8B9CA-C610-4F6C-A4A0-809A24BE3728}.Debug|Any CPU.Build.0 = Debug|Any CPU
		{49F8B9CA-C610-4F6C-A4A0-809A24BE3728}.Release|Any CPU.ActiveCfg = Release|Any CPU
		{49F8B9CA-C610-4F6C-A4A0-809A24BE3728}.Release|Any CPU.Build.0 = Release|Any CPU
		{C13C5D01-0232-4F9D-9DBC-CF0AF69A547E}.Debug|Any CPU.ActiveCfg = Debug|Any CPU
		{C13C5D01-0232-4F9D-9DBC-CF0AF69A547E}.Debug|Any CPU.Build.0 = Debug|Any CPU
		{C13C5D01-0232-4F9D-9DBC-CF0AF69A547E}.Release|Any CPU.ActiveCfg = Release|Any CPU
		{C13C5D01-0232-4F9D-9DBC-CF0AF69A547E}.Release|Any CPU.Build.0 = Release|Any CPU
		{3BED9460-38C2-449D-B424-B46C173E30B2}.Debug|Any CPU.ActiveCfg = Debug|Any CPU
		{3BED9460-38C2-449D-B424-B46C173E30B2}.Debug|Any CPU.Build.0 = Debug|Any CPU
		{3BED9460-38C2-449D-B424-B46C173E30B2}.Release|Any CPU.ActiveCfg = Release|Any CPU
		{3BED9460-38C2-449D-B424-B46C173E30B2}.Release|Any CPU.Build.0 = Release|Any CPU
		{5DC9FA78-6020-475D-9A49-EB3691D5EECB}.Debug|Any CPU.ActiveCfg = Debug|Any CPU
		{5DC9FA78-6020-475D-9A49-EB3691D5EECB}.Debug|Any CPU.Build.0 = Debug|Any CPU
		{5DC9FA78-6020-475D-9A49-EB3691D5EECB}.Release|Any CPU.ActiveCfg = Release|Any CPU
		{5DC9FA78-6020-475D-9A49-EB3691D5EECB}.Release|Any CPU.Build.0 = Release|Any CPU
		{7B2A7C86-2EC4-4F95-A24E-49B06E3D787E}.Debug|Any CPU.ActiveCfg = Debug|Any CPU
		{7B2A7C86-2EC4-4F95-A24E-49B06E3D787E}.Debug|Any CPU.Build.0 = Debug|Any CPU
		{7B2A7C86-2EC4-4F95-A24E-49B06E3D787E}.Release|Any CPU.ActiveCfg = Release|Any CPU
		{7B2A7C86-2EC4-4F95-A24E-49B06E3D787E}.Release|Any CPU.Build.0 = Release|Any CPU
		{B0F2202F-A450-4BFA-87CE-D93929BE29B0}.Debug|Any CPU.ActiveCfg = Debug|Any CPU
		{B0F2202F-A450-4BFA-87CE-D93929BE29B0}.Debug|Any CPU.Build.0 = Debug|Any CPU
		{B0F2202F-A450-4BFA-87CE-D93929BE29B0}.Release|Any CPU.ActiveCfg = Release|Any CPU
		{B0F2202F-A450-4BFA-87CE-D93929BE29B0}.Release|Any CPU.Build.0 = Release|Any CPU
	EndGlobalSection
	GlobalSection(SolutionProperties) = preSolution
		HideSolutionNode = FALSE
	EndGlobalSection
	GlobalSection(NestedProjects) = preSolution
		{543A61F5-69A3-46D9-BC6D-A008847BD97F} = {BE01E71B-9E9F-40D8-B821-1FABF2A1B3D6}
		{4921AA7F-5EC8-4004-913D-118519812110} = {543A61F5-69A3-46D9-BC6D-A008847BD97F}
		{F6E46885-1710-43A0-85D4-24AD276EC258} = {4921AA7F-5EC8-4004-913D-118519812110}
		{F843E01D-9521-4861-A9BB-30C0B792BF15} = {543A61F5-69A3-46D9-BC6D-A008847BD97F}
		{87BCB42C-898F-46D5-BC25-677E3985FA26} = {F843E01D-9521-4861-A9BB-30C0B792BF15}
		{79C0CBEA-E5A9-4C35-BE37-FE57F1E7FB60} = {F843E01D-9521-4861-A9BB-30C0B792BF15}
		{B99F29B0-3221-44B9-8E1E-3F6A16BA485C} = {F843E01D-9521-4861-A9BB-30C0B792BF15}
		{99C1FEF5-BFCB-411C-A6FA-8A79A3199E49} = {F843E01D-9521-4861-A9BB-30C0B792BF15}
		{C01CEED0-A690-4044-97BA-72DA5352DDD8} = {F843E01D-9521-4861-A9BB-30C0B792BF15}
		{189D30AE-F9AC-4892-AD8D-9EAEF2D18FD0} = {C01CEED0-A690-4044-97BA-72DA5352DDD8}
		{D733E71C-51AE-4A63-A0D1-1314092A4B29} = {C01CEED0-A690-4044-97BA-72DA5352DDD8}
		{CE571C72-C971-41C7-AD54-FC3DA92D63AE} = {F843E01D-9521-4861-A9BB-30C0B792BF15}
		{0A3BD02C-7EFD-45C3-AD22-68E592030A28} = {CE571C72-C971-41C7-AD54-FC3DA92D63AE}
		{65292408-E7D0-4144-9000-E81003C943A7} = {CE571C72-C971-41C7-AD54-FC3DA92D63AE}
		{1868912D-1D5A-4D69-A420-68981850D4FD} = {CE571C72-C971-41C7-AD54-FC3DA92D63AE}
		{E8E0D84F-022B-4DA5-BF65-0C055D7272EE} = {CE571C72-C971-41C7-AD54-FC3DA92D63AE}
		{C7E63DD5-4E9A-4A14-A9EF-758AD53443EF} = {543A61F5-69A3-46D9-BC6D-A008847BD97F}
		{68A0BD40-30D0-4446-B785-B0B88FAB6F35} = {543A61F5-69A3-46D9-BC6D-A008847BD97F}
		{F3D84CEC-9059-410C-8AAA-15D054DA7B8E} = {68A0BD40-30D0-4446-B785-B0B88FAB6F35}
		{44B2FFC1-E734-4192-BCD7-A390771D1D5C} = {68A0BD40-30D0-4446-B785-B0B88FAB6F35}
		{25EBE3E5-3AE2-4867-96C0-2DA5395D16B1} = {68A0BD40-30D0-4446-B785-B0B88FAB6F35}
		{CA9630EC-31C5-4C00-98F6-38FD400D6CE1} = {68A0BD40-30D0-4446-B785-B0B88FAB6F35}
		{6275082E-9994-450A-99BA-8E630BE15E8B} = {68A0BD40-30D0-4446-B785-B0B88FAB6F35}
		{A719DC68-384A-4F26-B1DD-33C9219959E4} = {6275082E-9994-450A-99BA-8E630BE15E8B}
		{49F8B9CA-C610-4F6C-A4A0-809A24BE3728} = {6275082E-9994-450A-99BA-8E630BE15E8B}
		{C13C5D01-0232-4F9D-9DBC-CF0AF69A547E} = {6275082E-9994-450A-99BA-8E630BE15E8B}
		{1751F9E9-8185-47D4-8000-9C11BA45B10C} = {543A61F5-69A3-46D9-BC6D-A008847BD97F}
		{3BED9460-38C2-449D-B424-B46C173E30B2} = {1751F9E9-8185-47D4-8000-9C11BA45B10C}
		{5DC9FA78-6020-475D-9A49-EB3691D5EECB} = {1751F9E9-8185-47D4-8000-9C11BA45B10C}
		{7B2A7C86-2EC4-4F95-A24E-49B06E3D787E} = {1751F9E9-8185-47D4-8000-9C11BA45B10C}
		{B0F2202F-A450-4BFA-87CE-D93929BE29B0} = {1751F9E9-8185-47D4-8000-9C11BA45B10C}
	EndGlobalSection
	GlobalSection(ExtensibilityGlobals) = postSolution
		SolutionGuid = {4D1838D9-42C8-4718-A847-343B23F78C14}
	EndGlobalSection
EndGlobal
